{
    "_readme": [
        "This file locks the dependencies of your project to a known state",
        "Read more about it at http://getcomposer.org/doc/01-basic-usage.md#composer-lock-the-lock-file",
        "This file is @generated automatically"
    ],
    "hash": "1d1d006118ba5191a2bb29174745cc51",
    "packages": [
        {
            "name": "andrewsville/php-token-reflection",
            "version": "1.3.1",
            "source": {
                "type": "git",
                "url": "https://github.com/Andrewsville/PHP-Token-Reflection.git",
                "reference": "3e3a36de17f32889fd2d4b8108af16d3033ce9bf"
            },
            "dist": {
                "type": "zip",
                "url": "https://api.github.com/repos/Andrewsville/PHP-Token-Reflection/zipball/3e3a36de17f32889fd2d4b8108af16d3033ce9bf",
                "reference": "3e3a36de17f32889fd2d4b8108af16d3033ce9bf",
                "shasum": ""
            },
            "require": {
                "php": ">=5.3"
            },
            "type": "library",
            "autoload": {
                "psr-0": {
                    "TokenReflection": "./"
                }
            },
            "notification-url": "https://packagist.org/downloads/",
            "license": [
                "BSD-3"
            ],
            "authors": [
                {
                    "name": "Ondřej Nešpor",
                    "homepage": "https://github.com/andrewsville"
                },
                {
                    "name": "Jaroslav Hanslík",
                    "homepage": "https://github.com/kukulich"
                }
            ],
            "description": "Library emulating the PHP internal reflection using just the tokenized source code.",
            "homepage": "http://andrewsville.github.com/PHP-Token-Reflection/",
            "keywords": [
                "library",
                "reflection",
                "tokenizer"
            ],
            "time": "2012-08-25 21:26:44"
        },
        {
            "name": "davidfuhr/php-plantumlwriter",
            "version": "dev-master",
            "source": {
                "type": "git",
                "url": "https://github.com/davidfuhr/php-plantumlwriter.git",
                "reference": "dfc4e6123171a503b475daae1eb09a44fa40290d"
            },
            "dist": {
                "type": "zip",
                "url": "https://api.github.com/repos/davidfuhr/php-plantumlwriter/zipball/dfc4e6123171a503b475daae1eb09a44fa40290d",
                "reference": "dfc4e6123171a503b475daae1eb09a44fa40290d",
                "shasum": ""
            },
            "require": {
                "andrewsville/php-token-reflection": "1.3.*",
                "symfony/console": "~2.3"
            },
            "require-dev": {
                "phpunit/phpunit": "~3.7"
            },
            "bin": [
                "bin/php-plantumlwriter"
            ],
            "type": "project",
            "autoload": {
                "psr-0": {
                    "Flagbit": "src/"
                }
            },
            "notification-url": "https://packagist.org/downloads/",
            "license": [
                "BSD-3-Clause"
            ],
            "authors": [
                {
                    "name": "David Fuhr",
                    "homepage": "http://www.davidfuhr.de",
                    "role": "Developer"
                }
            ],
            "description": "A tool to create PlantUML class diagrams from your PHP source.",
            "keywords": [
                "uml"
            ],
            "time": "2014-12-09 12:35:46"
        },
        {
            "name": "symfony/console",
            "version": "v2.6.6",
            "target-dir": "Symfony/Component/Console",
            "source": {
                "type": "git",
                "url": "https://github.com/symfony/Console.git",
                "reference": "5b91dc4ed5eb08553f57f6df04c4730a73992667"
            },
            "dist": {
                "type": "zip",
                "url": "https://api.github.com/repos/symfony/Console/zipball/5b91dc4ed5eb08553f57f6df04c4730a73992667",
                "reference": "5b91dc4ed5eb08553f57f6df04c4730a73992667",
                "shasum": ""
            },
            "require": {
                "php": ">=5.3.3"
            },
            "require-dev": {
                "psr/log": "~1.0",
                "symfony/event-dispatcher": "~2.1",
                "symfony/phpunit-bridge": "~2.7",
                "symfony/process": "~2.1"
            },
            "suggest": {
                "psr/log": "For using the console logger",
                "symfony/event-dispatcher": "",
                "symfony/process": ""
            },
            "type": "library",
            "extra": {
                "branch-alias": {
                    "dev-master": "2.6-dev"
                }
            },
            "autoload": {
                "psr-0": {
                    "Symfony\\Component\\Console\\": ""
                }
            },
            "notification-url": "https://packagist.org/downloads/",
            "license": [
                "MIT"
            ],
            "authors": [
                {
                    "name": "Symfony Community",
                    "homepage": "http://symfony.com/contributors"
                },
                {
                    "name": "Fabien Potencier",
                    "email": "fabien@symfony.com"
                }
            ],
            "description": "Symfony Console Component",
            "homepage": "http://symfony.com",
            "time": "2015-03-30 15:54:10"
        }
    ],
    "packages-dev": [],
    "aliases": [],
    "minimum-stability": "stable",
    "stability-flags": {
        "davidfuhr/php-plantumlwriter": 20
    },
    "prefer-stable": false,
    "prefer-lowest": false,
    "platform": [],
    "platform-dev": []
}
